// !$*UTF8*$!
{
	archiveVersion = 1;
	classes = {
	};
	objectVersion = 46;
	objects = {

/* Begin PBXBuildFile section */
		5F7CDEE00C05F1358A25C984 /* Pods_Alive_2020.framework in Frameworks */ = {isa = PBXBuildFile; fileRef = F6D12F33A614AC83EDEA4B80 /* Pods_Alive_2020.framework */; };
		D80DF59F1EDD150D00A838CD /* Composition.swift in Sources */ = {isa = PBXBuildFile; fileRef = D80DF59E1EDD150D00A838CD /* Composition.swift */; };
		D80DF5A11EDE2D2400A838CD /* Clip.swift in Sources */ = {isa = PBXBuildFile; fileRef = D80DF5A01EDE2D2400A838CD /* Clip.swift */; };
		D811911A1EFFE8FD003EDD29 /* CoreGraphics+Utility.swift in Sources */ = {isa = PBXBuildFile; fileRef = D81191191EFFE8FD003EDD29 /* CoreGraphics+Utility.swift */; };
		D81460471EA9B18E00BA9D6C /* AppDelegate.swift in Sources */ = {isa = PBXBuildFile; fileRef = D81460461EA9B18E00BA9D6C /* AppDelegate.swift */; };
		D814604E1EA9B18E00BA9D6C /* Assets.xcassets in Resources */ = {isa = PBXBuildFile; fileRef = D814604D1EA9B18E00BA9D6C /* Assets.xcassets */; };
		D81460511EA9B18E00BA9D6C /* LaunchScreen.storyboard in Resources */ = {isa = PBXBuildFile; fileRef = D814604F1EA9B18E00BA9D6C /* LaunchScreen.storyboard */; };
		D814605C1EA9B18E00BA9D6C /* Alive_2020Tests.swift in Sources */ = {isa = PBXBuildFile; fileRef = D814605B1EA9B18E00BA9D6C /* Alive_2020Tests.swift */; };
		D81460671EA9B18E00BA9D6C /* Alive_2020UITests.swift in Sources */ = {isa = PBXBuildFile; fileRef = D81460661EA9B18E00BA9D6C /* Alive_2020UITests.swift */; };
		D81460751EA9B44300BA9D6C /* AppCoordinator.swift in Sources */ = {isa = PBXBuildFile; fileRef = D81460741EA9B44300BA9D6C /* AppCoordinator.swift */; };
		D8898EA11F149676000493FE /* AwsCredentials.swift in Sources */ = {isa = PBXBuildFile; fileRef = D8898EA01F149676000493FE /* AwsCredentials.swift */; };
		D89144F41F0AD5BD0059BEC3 /* Story.swift in Sources */ = {isa = PBXBuildFile; fileRef = D89144F31F0AD5BD0059BEC3 /* Story.swift */; };
		D89144F61F0AD6CF0059BEC3 /* StoryMedia.swift in Sources */ = {isa = PBXBuildFile; fileRef = D89144F51F0AD6CF0059BEC3 /* StoryMedia.swift */; };
		D89C1E121EB0387000644CE3 /* AVPlayerView.swift in Sources */ = {isa = PBXBuildFile; fileRef = D89C1E111EB0387000644CE3 /* AVPlayerView.swift */; };
		D89C1E141EB048AC00644CE3 /* VideoCell.swift in Sources */ = {isa = PBXBuildFile; fileRef = D89C1E131EB048AC00644CE3 /* VideoCell.swift */; };
		D89DB6C71F1C0240007A8A61 /* LivePhotoViewController.swift in Sources */ = {isa = PBXBuildFile; fileRef = D89DB6C61F1C0240007A8A61 /* LivePhotoViewController.swift */; };
		D8E196C11F1C0AE6007B9146 /* LivePhotoController.swift in Sources */ = {isa = PBXBuildFile; fileRef = D8E196C01F1C0AE6007B9146 /* LivePhotoController.swift */; };
		D8E196C31F1C0B72007B9146 /* PHAsset+LivePhotos.swift in Sources */ = {isa = PBXBuildFile; fileRef = D8E196C21F1C0B72007B9146 /* PHAsset+LivePhotos.swift */; };
		D8E196C91F1D623A007B9146 /* LivePhotoStore.swift in Sources */ = {isa = PBXBuildFile; fileRef = D8E196C81F1D623A007B9146 /* LivePhotoStore.swift */; };
		D8E196CE1F1D6304007B9146 /* Files.swift in Sources */ = {isa = PBXBuildFile; fileRef = D8E196CD1F1D6304007B9146 /* Files.swift */; };
		D8E196D01F1D65B0007B9146 /* UIViewController+Container.swift in Sources */ = {isa = PBXBuildFile; fileRef = D8E196CF1F1D65B0007B9146 /* UIViewController+Container.swift */; };
		D8E196D21F1D74A7007B9146 /* MainViewController.swift in Sources */ = {isa = PBXBuildFile; fileRef = D8E196D11F1D74A7007B9146 /* MainViewController.swift */; };
		D8E196D51F1D7601007B9146 /* PreviewController.swift in Sources */ = {isa = PBXBuildFile; fileRef = D8E196D41F1D7601007B9146 /* PreviewController.swift */; };
		D8E196D81F1DBB90007B9146 /* PreviewViewController.swift in Sources */ = {isa = PBXBuildFile; fileRef = D8E196D71F1DBB90007B9146 /* PreviewViewController.swift */; };
		D8F0737F1EC8AE0D00E5B0B1 /* User.swift in Sources */ = {isa = PBXBuildFile; fileRef = D8F0737E1EC8AE0D00E5B0B1 /* User.swift */; };
		D8F073811EC8AFB700E5B0B1 /* StoryJob.swift in Sources */ = {isa = PBXBuildFile; fileRef = D8F073801EC8AFB700E5B0B1 /* StoryJob.swift */; };
		D8F073871EC8B20A00E5B0B1 /* Api.swift in Sources */ = {isa = PBXBuildFile; fileRef = D8F073861EC8B20A00E5B0B1 /* Api.swift */; };
/* End PBXBuildFile section */

/* Begin PBXContainerItemProxy section */
		D81460581EA9B18E00BA9D6C /* PBXContainerItemProxy */ = {
			isa = PBXContainerItemProxy;
			containerPortal = D814603B1EA9B18E00BA9D6C /* Project object */;
			proxyType = 1;
			remoteGlobalIDString = D81460421EA9B18E00BA9D6C;
			remoteInfo = "Alive 2020";
		};
		D81460631EA9B18E00BA9D6C /* PBXContainerItemProxy */ = {
			isa = PBXContainerItemProxy;
			containerPortal = D814603B1EA9B18E00BA9D6C /* Project object */;
			proxyType = 1;
			remoteGlobalIDString = D81460421EA9B18E00BA9D6C;
			remoteInfo = "Alive 2020";
		};
/* End PBXContainerItemProxy section */

/* Begin PBXFileReference section */
		6BBAFE50CB481F77EF888C32 /* Pods-Alive 2020.debug.xcconfig */ = {isa = PBXFileReference; includeInIndex = 1; lastKnownFileType = text.xcconfig; name = "Pods-Alive 2020.debug.xcconfig"; path = "Pods/Target Support Files/Pods-Alive 2020/Pods-Alive 2020.debug.xcconfig"; sourceTree = "<group>"; };
		80D11F6DC69618066C15056B /* Pods-Alive 2020.release.xcconfig */ = {isa = PBXFileReference; includeInIndex = 1; lastKnownFileType = text.xcconfig; name = "Pods-Alive 2020.release.xcconfig"; path = "Pods/Target Support Files/Pods-Alive 2020/Pods-Alive 2020.release.xcconfig"; sourceTree = "<group>"; };
		D80DF59E1EDD150D00A838CD /* Composition.swift */ = {isa = PBXFileReference; fileEncoding = 4; lastKnownFileType = sourcecode.swift; path = Composition.swift; sourceTree = "<group>"; };
		D80DF5A01EDE2D2400A838CD /* Clip.swift */ = {isa = PBXFileReference; fileEncoding = 4; lastKnownFileType = sourcecode.swift; path = Clip.swift; sourceTree = "<group>"; };
		D81191191EFFE8FD003EDD29 /* CoreGraphics+Utility.swift */ = {isa = PBXFileReference; fileEncoding = 4; lastKnownFileType = sourcecode.swift; path = "CoreGraphics+Utility.swift"; sourceTree = "<group>"; };
		D81460431EA9B18E00BA9D6C /* Alive 2020.app */ = {isa = PBXFileReference; explicitFileType = wrapper.application; includeInIndex = 0; path = "Alive 2020.app"; sourceTree = BUILT_PRODUCTS_DIR; };
		D81460461EA9B18E00BA9D6C /* AppDelegate.swift */ = {isa = PBXFileReference; lastKnownFileType = sourcecode.swift; path = AppDelegate.swift; sourceTree = "<group>"; };
		D814604D1EA9B18E00BA9D6C /* Assets.xcassets */ = {isa = PBXFileReference; lastKnownFileType = folder.assetcatalog; path = Assets.xcassets; sourceTree = "<group>"; };
		D81460501EA9B18E00BA9D6C /* Base */ = {isa = PBXFileReference; lastKnownFileType = file.storyboard; name = Base; path = Base.lproj/LaunchScreen.storyboard; sourceTree = "<group>"; };
		D81460521EA9B18E00BA9D6C /* Info.plist */ = {isa = PBXFileReference; lastKnownFileType = text.plist.xml; path = Info.plist; sourceTree = "<group>"; };
		D81460571EA9B18E00BA9D6C /* Alive 2020Tests.xctest */ = {isa = PBXFileReference; explicitFileType = wrapper.cfbundle; includeInIndex = 0; path = "Alive 2020Tests.xctest"; sourceTree = BUILT_PRODUCTS_DIR; };
		D814605B1EA9B18E00BA9D6C /* Alive_2020Tests.swift */ = {isa = PBXFileReference; lastKnownFileType = sourcecode.swift; path = Alive_2020Tests.swift; sourceTree = "<group>"; };
		D814605D1EA9B18E00BA9D6C /* Info.plist */ = {isa = PBXFileReference; lastKnownFileType = text.plist.xml; path = Info.plist; sourceTree = "<group>"; };
		D81460621EA9B18E00BA9D6C /* Alive 2020UITests.xctest */ = {isa = PBXFileReference; explicitFileType = wrapper.cfbundle; includeInIndex = 0; path = "Alive 2020UITests.xctest"; sourceTree = BUILT_PRODUCTS_DIR; };
		D81460661EA9B18E00BA9D6C /* Alive_2020UITests.swift */ = {isa = PBXFileReference; lastKnownFileType = sourcecode.swift; path = Alive_2020UITests.swift; sourceTree = "<group>"; };
		D81460681EA9B18E00BA9D6C /* Info.plist */ = {isa = PBXFileReference; lastKnownFileType = text.plist.xml; path = Info.plist; sourceTree = "<group>"; };
		D81460741EA9B44300BA9D6C /* AppCoordinator.swift */ = {isa = PBXFileReference; fileEncoding = 4; lastKnownFileType = sourcecode.swift; path = AppCoordinator.swift; sourceTree = "<group>"; };
		D8898EA01F149676000493FE /* AwsCredentials.swift */ = {isa = PBXFileReference; fileEncoding = 4; lastKnownFileType = sourcecode.swift; path = AwsCredentials.swift; sourceTree = "<group>"; };
		D89144F31F0AD5BD0059BEC3 /* Story.swift */ = {isa = PBXFileReference; fileEncoding = 4; lastKnownFileType = sourcecode.swift; path = Story.swift; sourceTree = "<group>"; };
		D89144F51F0AD6CF0059BEC3 /* StoryMedia.swift */ = {isa = PBXFileReference; fileEncoding = 4; lastKnownFileType = sourcecode.swift; path = StoryMedia.swift; sourceTree = "<group>"; };
		D89C1E111EB0387000644CE3 /* AVPlayerView.swift */ = {isa = PBXFileReference; fileEncoding = 4; lastKnownFileType = sourcecode.swift; path = AVPlayerView.swift; sourceTree = "<group>"; };
		D89C1E131EB048AC00644CE3 /* VideoCell.swift */ = {isa = PBXFileReference; fileEncoding = 4; lastKnownFileType = sourcecode.swift; path = VideoCell.swift; sourceTree = "<group>"; };
		D89DB6C61F1C0240007A8A61 /* LivePhotoViewController.swift */ = {isa = PBXFileReference; fileEncoding = 4; lastKnownFileType = sourcecode.swift; path = LivePhotoViewController.swift; sourceTree = "<group>"; };
		D8E196C01F1C0AE6007B9146 /* LivePhotoController.swift */ = {isa = PBXFileReference; fileEncoding = 4; lastKnownFileType = sourcecode.swift; path = LivePhotoController.swift; sourceTree = "<group>"; };
		D8E196C21F1C0B72007B9146 /* PHAsset+LivePhotos.swift */ = {isa = PBXFileReference; fileEncoding = 4; lastKnownFileType = sourcecode.swift; path = "PHAsset+LivePhotos.swift"; sourceTree = "<group>"; };
		D8E196C81F1D623A007B9146 /* LivePhotoStore.swift */ = {isa = PBXFileReference; fileEncoding = 4; lastKnownFileType = sourcecode.swift; path = LivePhotoStore.swift; sourceTree = "<group>"; };
		D8E196CD1F1D6304007B9146 /* Files.swift */ = {isa = PBXFileReference; fileEncoding = 4; lastKnownFileType = sourcecode.swift; path = Files.swift; sourceTree = "<group>"; };
		D8E196CF1F1D65B0007B9146 /* UIViewController+Container.swift */ = {isa = PBXFileReference; fileEncoding = 4; lastKnownFileType = sourcecode.swift; path = "UIViewController+Container.swift"; sourceTree = "<group>"; };
		D8E196D11F1D74A7007B9146 /* MainViewController.swift */ = {isa = PBXFileReference; fileEncoding = 4; lastKnownFileType = sourcecode.swift; path = MainViewController.swift; sourceTree = "<group>"; };
		D8E196D41F1D7601007B9146 /* PreviewController.swift */ = {isa = PBXFileReference; fileEncoding = 4; lastKnownFileType = sourcecode.swift; path = PreviewController.swift; sourceTree = "<group>"; };
		D8E196D71F1DBB90007B9146 /* PreviewViewController.swift */ = {isa = PBXFileReference; fileEncoding = 4; lastKnownFileType = sourcecode.swift; path = PreviewViewController.swift; sourceTree = "<group>"; };
		D8F0737E1EC8AE0D00E5B0B1 /* User.swift */ = {isa = PBXFileReference; fileEncoding = 4; lastKnownFileType = sourcecode.swift; path = User.swift; sourceTree = "<group>"; };
		D8F073801EC8AFB700E5B0B1 /* StoryJob.swift */ = {isa = PBXFileReference; fileEncoding = 4; lastKnownFileType = sourcecode.swift; path = StoryJob.swift; sourceTree = "<group>"; };
		D8F073861EC8B20A00E5B0B1 /* Api.swift */ = {isa = PBXFileReference; fileEncoding = 4; lastKnownFileType = sourcecode.swift; path = Api.swift; sourceTree = "<group>"; };
		F6D12F33A614AC83EDEA4B80 /* Pods_Alive_2020.framework */ = {isa = PBXFileReference; explicitFileType = wrapper.framework; includeInIndex = 0; path = Pods_Alive_2020.framework; sourceTree = BUILT_PRODUCTS_DIR; };
/* End PBXFileReference section */

/* Begin PBXFrameworksBuildPhase section */
		D81460401EA9B18E00BA9D6C /* Frameworks */ = {
			isa = PBXFrameworksBuildPhase;
			buildActionMask = 2147483647;
			files = (
				5F7CDEE00C05F1358A25C984 /* Pods_Alive_2020.framework in Frameworks */,
			);
			runOnlyForDeploymentPostprocessing = 0;
		};
		D81460541EA9B18E00BA9D6C /* Frameworks */ = {
			isa = PBXFrameworksBuildPhase;
			buildActionMask = 2147483647;
			files = (
			);
			runOnlyForDeploymentPostprocessing = 0;
		};
		D814605F1EA9B18E00BA9D6C /* Frameworks */ = {
			isa = PBXFrameworksBuildPhase;
			buildActionMask = 2147483647;
			files = (
			);
			runOnlyForDeploymentPostprocessing = 0;
		};
/* End PBXFrameworksBuildPhase section */

/* Begin PBXGroup section */
		2DB1DD84439E842DFEB957C9 /* Pods */ = {
			isa = PBXGroup;
			children = (
				6BBAFE50CB481F77EF888C32 /* Pods-Alive 2020.debug.xcconfig */,
				80D11F6DC69618066C15056B /* Pods-Alive 2020.release.xcconfig */,
			);
			name = Pods;
			sourceTree = "<group>";
		};
		2FF0790A0D15A7BE90A44670 /* Frameworks */ = {
			isa = PBXGroup;
			children = (
				F6D12F33A614AC83EDEA4B80 /* Pods_Alive_2020.framework */,
			);
			name = Frameworks;
			sourceTree = "<group>";
		};
		D814603A1EA9B18E00BA9D6C = {
			isa = PBXGroup;
			children = (
				D81460451EA9B18E00BA9D6C /* Alive 2020 */,
				D814605A1EA9B18E00BA9D6C /* Alive 2020Tests */,
				D81460441EA9B18E00BA9D6C /* Products */,
				2DB1DD84439E842DFEB957C9 /* Pods */,
				2FF0790A0D15A7BE90A44670 /* Frameworks */,
			);
			sourceTree = "<group>";
		};
		D81460441EA9B18E00BA9D6C /* Products */ = {
			isa = PBXGroup;
			children = (
				D81460431EA9B18E00BA9D6C /* Alive 2020.app */,
				D81460571EA9B18E00BA9D6C /* Alive 2020Tests.xctest */,
				D81460621EA9B18E00BA9D6C /* Alive 2020UITests.xctest */,
			);
			name = Products;
			sourceTree = "<group>";
		};
		D81460451EA9B18E00BA9D6C /* Alive 2020 */ = {
			isa = PBXGroup;
			children = (
				D81460761EA9B4D100BA9D6C /* Sources */,
				D814604D1EA9B18E00BA9D6C /* Assets.xcassets */,
				D814604F1EA9B18E00BA9D6C /* LaunchScreen.storyboard */,
				D81460521EA9B18E00BA9D6C /* Info.plist */,
			);
			path = "Alive 2020";
			sourceTree = "<group>";
		};
		D814605A1EA9B18E00BA9D6C /* Alive 2020Tests */ = {
			isa = PBXGroup;
			children = (
				D81460651EA9B18E00BA9D6C /* Alive 2020UITests */,
				D814605B1EA9B18E00BA9D6C /* Alive_2020Tests.swift */,
				D814605D1EA9B18E00BA9D6C /* Info.plist */,
			);
			path = "Alive 2020Tests";
			sourceTree = "<group>";
		};
		D81460651EA9B18E00BA9D6C /* Alive 2020UITests */ = {
			isa = PBXGroup;
			children = (
				D81460661EA9B18E00BA9D6C /* Alive_2020UITests.swift */,
				D81460681EA9B18E00BA9D6C /* Info.plist */,
			);
			name = "Alive 2020UITests";
			path = "../Alive 2020UITests";
			sourceTree = "<group>";
		};
		D81460761EA9B4D100BA9D6C /* Sources */ = {
			isa = PBXGroup;
			children = (
				D8E196C51F1D6201007B9146 /* Categories */,
				D8E196CA1F1D62EA007B9146 /* Core */,
				D8E196C41F1D61F0007B9146 /* Live Photos */,
				D8E196C61F1D6209007B9146 /* Models */,
				D8E196D61F1D7876007B9146 /* Network */,
				D8E196D31F1D75F7007B9146 /* Preview */,
				D81460741EA9B44300BA9D6C /* AppCoordinator.swift */,
				D81460461EA9B18E00BA9D6C /* AppDelegate.swift */,
				D8E196D11F1D74A7007B9146 /* MainViewController.swift */,
			);
			name = Sources;
			sourceTree = "<group>";
		};
		D8E196C41F1D61F0007B9146 /* Live Photos */ = {
			isa = PBXGroup;
			children = (
				D89C1E111EB0387000644CE3 /* AVPlayerView.swift */,
				D8E196C01F1C0AE6007B9146 /* LivePhotoController.swift */,
				D8E196C81F1D623A007B9146 /* LivePhotoStore.swift */,
				D89DB6C61F1C0240007A8A61 /* LivePhotoViewController.swift */,
				D89C1E131EB048AC00644CE3 /* VideoCell.swift */,
			);
			name = "Live Photos";
			sourceTree = "<group>";
		};
		D8E196C51F1D6201007B9146 /* Categories */ = {
			isa = PBXGroup;
			children = (
				D81191191EFFE8FD003EDD29 /* CoreGraphics+Utility.swift */,
				D8E196C21F1C0B72007B9146 /* PHAsset+LivePhotos.swift */,
				D8E196CF1F1D65B0007B9146 /* UIViewController+Container.swift */,
			);
			name = Categories;
			sourceTree = "<group>";
		};
		D8E196C61F1D6209007B9146 /* Models */ = {
			isa = PBXGroup;
			children = (
				D8898EA01F149676000493FE /* AwsCredentials.swift */,
				D89144F31F0AD5BD0059BEC3 /* Story.swift */,
				D8F073801EC8AFB700E5B0B1 /* StoryJob.swift */,
				D89144F51F0AD6CF0059BEC3 /* StoryMedia.swift */,
				D8F0737E1EC8AE0D00E5B0B1 /* User.swift */,
			);
			name = Models;
			sourceTree = "<group>";
		};
		D8E196CA1F1D62EA007B9146 /* Core */ = {
			isa = PBXGroup;
			children = (
				D80DF5A01EDE2D2400A838CD /* Clip.swift */,
				D80DF59E1EDD150D00A838CD /* Composition.swift */,
				D8E196CD1F1D6304007B9146 /* Files.swift */,
			);
			name = Core;
			sourceTree = "<group>";
		};
		D8E196D31F1D75F7007B9146 /* Preview */ = {
			isa = PBXGroup;
			children = (
				D8E196D41F1D7601007B9146 /* PreviewController.swift */,
				D8E196D71F1DBB90007B9146 /* PreviewViewController.swift */,
			);
			name = Preview;
			sourceTree = "<group>";
		};
		D8E196D61F1D7876007B9146 /* Network */ = {
			isa = PBXGroup;
			children = (
				D8F073861EC8B20A00E5B0B1 /* Api.swift */,
			);
			name = Network;
			sourceTree = "<group>";
		};
/* End PBXGroup section */

/* Begin PBXNativeTarget section */
		D81460421EA9B18E00BA9D6C /* Alive 2020 */ = {
			isa = PBXNativeTarget;
			buildConfigurationList = D814606B1EA9B18E00BA9D6C /* Build configuration list for PBXNativeTarget "Alive 2020" */;
			buildPhases = (
				7BDE4BD78093A18C88BE6C4F /* [CP] Check Pods Manifest.lock */,
				D814603F1EA9B18E00BA9D6C /* Sources */,
				D81460401EA9B18E00BA9D6C /* Frameworks */,
				D81460411EA9B18E00BA9D6C /* Resources */,
				18CC18DB7A7AE46A141C3DF2 /* [CP] Embed Pods Frameworks */,
				EAB84797D8E0F100E19C82A5 /* [CP] Copy Pods Resources */,
			);
			buildRules = (
			);
			dependencies = (
			);
			name = "Alive 2020";
			productName = "Alive 2020";
			productReference = D81460431EA9B18E00BA9D6C /* Alive 2020.app */;
			productType = "com.apple.product-type.application";
		};
		D81460561EA9B18E00BA9D6C /* Alive 2020Tests */ = {
			isa = PBXNativeTarget;
			buildConfigurationList = D814606E1EA9B18E00BA9D6C /* Build configuration list for PBXNativeTarget "Alive 2020Tests" */;
			buildPhases = (
				D81460531EA9B18E00BA9D6C /* Sources */,
				D81460541EA9B18E00BA9D6C /* Frameworks */,
				D81460551EA9B18E00BA9D6C /* Resources */,
			);
			buildRules = (
			);
			dependencies = (
				D81460591EA9B18E00BA9D6C /* PBXTargetDependency */,
			);
			name = "Alive 2020Tests";
			productName = "Alive 2020Tests";
			productReference = D81460571EA9B18E00BA9D6C /* Alive 2020Tests.xctest */;
			productType = "com.apple.product-type.bundle.unit-test";
		};
		D81460611EA9B18E00BA9D6C /* Alive 2020UITests */ = {
			isa = PBXNativeTarget;
			buildConfigurationList = D81460711EA9B18E00BA9D6C /* Build configuration list for PBXNativeTarget "Alive 2020UITests" */;
			buildPhases = (
				D814605E1EA9B18E00BA9D6C /* Sources */,
				D814605F1EA9B18E00BA9D6C /* Frameworks */,
				D81460601EA9B18E00BA9D6C /* Resources */,
			);
			buildRules = (
			);
			dependencies = (
				D81460641EA9B18E00BA9D6C /* PBXTargetDependency */,
			);
			name = "Alive 2020UITests";
			productName = "Alive 2020UITests";
			productReference = D81460621EA9B18E00BA9D6C /* Alive 2020UITests.xctest */;
			productType = "com.apple.product-type.bundle.ui-testing";
		};
/* End PBXNativeTarget section */

/* Begin PBXProject section */
		D814603B1EA9B18E00BA9D6C /* Project object */ = {
			isa = PBXProject;
			attributes = {
				LastSwiftUpdateCheck = 0830;
				LastUpgradeCheck = 0830;
				ORGANIZATIONNAME = "Summer League";
				TargetAttributes = {
					D81460421EA9B18E00BA9D6C = {
						CreatedOnToolsVersion = 8.3;
						DevelopmentTeam = L7KVF73XT4;
						ProvisioningStyle = Automatic;
					};
					D81460561EA9B18E00BA9D6C = {
						CreatedOnToolsVersion = 8.3;
						DevelopmentTeam = L7KVF73XT4;
						ProvisioningStyle = Automatic;
						TestTargetID = D81460421EA9B18E00BA9D6C;
					};
					D81460611EA9B18E00BA9D6C = {
						CreatedOnToolsVersion = 8.3;
						DevelopmentTeam = L7KVF73XT4;
						ProvisioningStyle = Automatic;
						TestTargetID = D81460421EA9B18E00BA9D6C;
					};
				};
			};
			buildConfigurationList = D814603E1EA9B18E00BA9D6C /* Build configuration list for PBXProject "Alive 2020" */;
			compatibilityVersion = "Xcode 3.2";
			developmentRegion = English;
			hasScannedForEncodings = 0;
			knownRegions = (
				en,
				Base,
			);
			mainGroup = D814603A1EA9B18E00BA9D6C;
			productRefGroup = D81460441EA9B18E00BA9D6C /* Products */;
			projectDirPath = "";
			projectRoot = "";
			targets = (
				D81460421EA9B18E00BA9D6C /* Alive 2020 */,
				D81460561EA9B18E00BA9D6C /* Alive 2020Tests */,
				D81460611EA9B18E00BA9D6C /* Alive 2020UITests */,
			);
		};
/* End PBXProject section */

/* Begin PBXResourcesBuildPhase section */
		D81460411EA9B18E00BA9D6C /* Resources */ = {
			isa = PBXResourcesBuildPhase;
			buildActionMask = 2147483647;
			files = (
				D81460511EA9B18E00BA9D6C /* LaunchScreen.storyboard in Resources */,
				D814604E1EA9B18E00BA9D6C /* Assets.xcassets in Resources */,
			);
			runOnlyForDeploymentPostprocessing = 0;
		};
		D81460551EA9B18E00BA9D6C /* Resources */ = {
			isa = PBXResourcesBuildPhase;
			buildActionMask = 2147483647;
			files = (
			);
			runOnlyForDeploymentPostprocessing = 0;
		};
		D81460601EA9B18E00BA9D6C /* Resources */ = {
			isa = PBXResourcesBuildPhase;
			buildActionMask = 2147483647;
			files = (
			);
			runOnlyForDeploymentPostprocessing = 0;
		};
/* End PBXResourcesBuildPhase section */

/* Begin PBXShellScriptBuildPhase section */
		18CC18DB7A7AE46A141C3DF2 /* [CP] Embed Pods Frameworks */ = {
			isa = PBXShellScriptBuildPhase;
			buildActionMask = 2147483647;
			files = (
			);
			inputPaths = (
			);
			name = "[CP] Embed Pods Frameworks";
			outputPaths = (
			);
			runOnlyForDeploymentPostprocessing = 0;
			shellPath = /bin/sh;
			shellScript = "\"${SRCROOT}/Pods/Target Support Files/Pods-Alive 2020/Pods-Alive 2020-frameworks.sh\"\n";
			showEnvVarsInLog = 0;
		};
		7BDE4BD78093A18C88BE6C4F /* [CP] Check Pods Manifest.lock */ = {
			isa = PBXShellScriptBuildPhase;
			buildActionMask = 2147483647;
			files = (
			);
			inputPaths = (
			);
			name = "[CP] Check Pods Manifest.lock";
			outputPaths = (
			);
			runOnlyForDeploymentPostprocessing = 0;
			shellPath = /bin/sh;
			shellScript = "diff \"${PODS_PODFILE_DIR_PATH}/Podfile.lock\" \"${PODS_ROOT}/Manifest.lock\" > /dev/null\nif [ $? != 0 ] ; then\n    # print error to STDERR\n    echo \"error: The sandbox is not in sync with the Podfile.lock. Run 'pod install' or update your CocoaPods installation.\" >&2\n    exit 1\nfi\n";
			showEnvVarsInLog = 0;
		};
		EAB84797D8E0F100E19C82A5 /* [CP] Copy Pods Resources */ = {
			isa = PBXShellScriptBuildPhase;
			buildActionMask = 2147483647;
			files = (
			);
			inputPaths = (
			);
			name = "[CP] Copy Pods Resources";
			outputPaths = (
			);
			runOnlyForDeploymentPostprocessing = 0;
			shellPath = /bin/sh;
			shellScript = "\"${SRCROOT}/Pods/Target Support Files/Pods-Alive 2020/Pods-Alive 2020-resources.sh\"\n";
			showEnvVarsInLog = 0;
		};
/* End PBXShellScriptBuildPhase section */

/* Begin PBXSourcesBuildPhase section */
		D814603F1EA9B18E00BA9D6C /* Sources */ = {
			isa = PBXSourcesBuildPhase;
			buildActionMask = 2147483647;
			files = (
				D80DF59F1EDD150D00A838CD /* Composition.swift in Sources */,
				D80DF5A11EDE2D2400A838CD /* Clip.swift in Sources */,
				D89144F41F0AD5BD0059BEC3 /* Story.swift in Sources */,
				D811911A1EFFE8FD003EDD29 /* CoreGraphics+Utility.swift in Sources */,
				D89DB6C71F1C0240007A8A61 /* LivePhotoViewController.swift in Sources */,
				D8E196D51F1D7601007B9146 /* PreviewController.swift in Sources */,
				D81460751EA9B44300BA9D6C /* AppCoordinator.swift in Sources */,
				D8F0737F1EC8AE0D00E5B0B1 /* User.swift in Sources */,
				D8E196D21F1D74A7007B9146 /* MainViewController.swift in Sources */,
				D8F073871EC8B20A00E5B0B1 /* Api.swift in Sources */,
				D8898EA11F149676000493FE /* AwsCredentials.swift in Sources */,
				D89144F61F0AD6CF0059BEC3 /* StoryMedia.swift in Sources */,
				D8E196D01F1D65B0007B9146 /* UIViewController+Container.swift in Sources */,
				D89C1E121EB0387000644CE3 /* AVPlayerView.swift in Sources */,
				D89C1E141EB048AC00644CE3 /* VideoCell.swift in Sources */,
				D8E196C91F1D623A007B9146 /* LivePhotoStore.swift in Sources */,
				D8E196C11F1C0AE6007B9146 /* LivePhotoController.swift in Sources */,
				D8E196CE1F1D6304007B9146 /* Files.swift in Sources */,
				D8E196C31F1C0B72007B9146 /* PHAsset+LivePhotos.swift in Sources */,
				D81460471EA9B18E00BA9D6C /* AppDelegate.swift in Sources */,
				D8E196D81F1DBB90007B9146 /* PreviewViewController.swift in Sources */,
				D8F073811EC8AFB700E5B0B1 /* StoryJob.swift in Sources */,
			);
			runOnlyForDeploymentPostprocessing = 0;
		};
		D81460531EA9B18E00BA9D6C /* Sources */ = {
			isa = PBXSourcesBuildPhase;
			buildActionMask = 2147483647;
			files = (
				D814605C1EA9B18E00BA9D6C /* Alive_2020Tests.swift in Sources */,
			);
			runOnlyForDeploymentPostprocessing = 0;
		};
		D814605E1EA9B18E00BA9D6C /* Sources */ = {
			isa = PBXSourcesBuildPhase;
			buildActionMask = 2147483647;
			files = (
				D81460671EA9B18E00BA9D6C /* Alive_2020UITests.swift in Sources */,
			);
			runOnlyForDeploymentPostprocessing = 0;
		};
/* End PBXSourcesBuildPhase section */

/* Begin PBXTargetDependency section */
		D81460591EA9B18E00BA9D6C /* PBXTargetDependency */ = {
			isa = PBXTargetDependency;
			target = D81460421EA9B18E00BA9D6C /* Alive 2020 */;
			targetProxy = D81460581EA9B18E00BA9D6C /* PBXContainerItemProxy */;
		};
		D81460641EA9B18E00BA9D6C /* PBXTargetDependency */ = {
			isa = PBXTargetDependency;
			target = D81460421EA9B18E00BA9D6C /* Alive 2020 */;
			targetProxy = D81460631EA9B18E00BA9D6C /* PBXContainerItemProxy */;
		};
/* End PBXTargetDependency section */

/* Begin PBXVariantGroup section */
		D814604F1EA9B18E00BA9D6C /* LaunchScreen.storyboard */ = {
			isa = PBXVariantGroup;
			children = (
				D81460501EA9B18E00BA9D6C /* Base */,
			);
			name = LaunchScreen.storyboard;
			sourceTree = "<group>";
		};
/* End PBXVariantGroup section */

/* Begin XCBuildConfiguration section */
		D81460691EA9B18E00BA9D6C /* Debug */ = {
			isa = XCBuildConfiguration;
			buildSettings = {
				ALWAYS_SEARCH_USER_PATHS = NO;
				CLANG_ANALYZER_NONNULL = YES;
				CLANG_ANALYZER_NUMBER_OBJECT_CONVERSION = YES_AGGRESSIVE;
				CLANG_CXX_LANGUAGE_STANDARD = "gnu++0x";
				CLANG_CXX_LIBRARY = "libc++";
				CLANG_ENABLE_MODULES = YES;
				CLANG_ENABLE_OBJC_ARC = YES;
				CLANG_WARN_BOOL_CONVERSION = YES;
				CLANG_WARN_CONSTANT_CONVERSION = YES;
				CLANG_WARN_DIRECT_OBJC_ISA_USAGE = YES_ERROR;
				CLANG_WARN_DOCUMENTATION_COMMENTS = YES;
				CLANG_WARN_EMPTY_BODY = YES;
				CLANG_WARN_ENUM_CONVERSION = YES;
				CLANG_WARN_INFINITE_RECURSION = YES;
				CLANG_WARN_INT_CONVERSION = YES;
				CLANG_WARN_OBJC_ROOT_CLASS = YES_ERROR;
				CLANG_WARN_SUSPICIOUS_MOVE = YES;
				CLANG_WARN_UNREACHABLE_CODE = YES;
				CLANG_WARN__DUPLICATE_METHOD_MATCH = YES;
				"CODE_SIGN_IDENTITY[sdk=iphoneos*]" = "iPhone Developer";
				COPY_PHASE_STRIP = NO;
				DEBUG_INFORMATION_FORMAT = dwarf;
				ENABLE_STRICT_OBJC_MSGSEND = YES;
				ENABLE_TESTABILITY = YES;
				GCC_C_LANGUAGE_STANDARD = gnu99;
				GCC_DYNAMIC_NO_PIC = NO;
				GCC_NO_COMMON_BLOCKS = YES;
				GCC_OPTIMIZATION_LEVEL = 0;
				GCC_PREPROCESSOR_DEFINITIONS = (
					"DEBUG=1",
					"$(inherited)",
				);
				GCC_WARN_64_TO_32_BIT_CONVERSION = YES;
				GCC_WARN_ABOUT_RETURN_TYPE = YES_ERROR;
				GCC_WARN_UNDECLARED_SELECTOR = YES;
				GCC_WARN_UNINITIALIZED_AUTOS = YES_AGGRESSIVE;
				GCC_WARN_UNUSED_FUNCTION = YES;
				GCC_WARN_UNUSED_VARIABLE = YES;
				IPHONEOS_DEPLOYMENT_TARGET = 10.3;
				MTL_ENABLE_DEBUG_INFO = YES;
				ONLY_ACTIVE_ARCH = YES;
				SDKROOT = iphoneos;
				SWIFT_ACTIVE_COMPILATION_CONDITIONS = DEBUG;
				SWIFT_OPTIMIZATION_LEVEL = "-Onone";
				TARGETED_DEVICE_FAMILY = "1,2";
			};
			name = Debug;
		};
		D814606A1EA9B18E00BA9D6C /* Release */ = {
			isa = XCBuildConfiguration;
			buildSettings = {
				ALWAYS_SEARCH_USER_PATHS = NO;
				CLANG_ANALYZER_NONNULL = YES;
				CLANG_ANALYZER_NUMBER_OBJECT_CONVERSION = YES_AGGRESSIVE;
				CLANG_CXX_LANGUAGE_STANDARD = "gnu++0x";
				CLANG_CXX_LIBRARY = "libc++";
				CLANG_ENABLE_MODULES = YES;
				CLANG_ENABLE_OBJC_ARC = YES;
				CLANG_WARN_BOOL_CONVERSION = YES;
				CLANG_WARN_CONSTANT_CONVERSION = YES;
				CLANG_WARN_DIRECT_OBJC_ISA_USAGE = YES_ERROR;
				CLANG_WARN_DOCUMENTATION_COMMENTS = YES;
				CLANG_WARN_EMPTY_BODY = YES;
				CLANG_WARN_ENUM_CONVERSION = YES;
				CLANG_WARN_INFINITE_RECURSION = YES;
				CLANG_WARN_INT_CONVERSION = YES;
				CLANG_WARN_OBJC_ROOT_CLASS = YES_ERROR;
				CLANG_WARN_SUSPICIOUS_MOVE = YES;
				CLANG_WARN_UNREACHABLE_CODE = YES;
				CLANG_WARN__DUPLICATE_METHOD_MATCH = YES;
				"CODE_SIGN_IDENTITY[sdk=iphoneos*]" = "iPhone Developer";
				COPY_PHASE_STRIP = NO;
				DEBUG_INFORMATION_FORMAT = "dwarf-with-dsym";
				ENABLE_NS_ASSERTIONS = NO;
				ENABLE_STRICT_OBJC_MSGSEND = YES;
				GCC_C_LANGUAGE_STANDARD = gnu99;
				GCC_NO_COMMON_BLOCKS = YES;
				GCC_WARN_64_TO_32_BIT_CONVERSION = YES;
				GCC_WARN_ABOUT_RETURN_TYPE = YES_ERROR;
				GCC_WARN_UNDECLARED_SELECTOR = YES;
				GCC_WARN_UNINITIALIZED_AUTOS = YES_AGGRESSIVE;
				GCC_WARN_UNUSED_FUNCTION = YES;
				GCC_WARN_UNUSED_VARIABLE = YES;
				IPHONEOS_DEPLOYMENT_TARGET = 10.3;
				MTL_ENABLE_DEBUG_INFO = NO;
				SDKROOT = iphoneos;
				SWIFT_OPTIMIZATION_LEVEL = "-Owholemodule";
				TARGETED_DEVICE_FAMILY = "1,2";
				VALIDATE_PRODUCT = YES;
			};
			name = Release;
		};
		D814606C1EA9B18E00BA9D6C /* Debug */ = {
			isa = XCBuildConfiguration;
			baseConfigurationReference = 6BBAFE50CB481F77EF888C32 /* Pods-Alive 2020.debug.xcconfig */;
			buildSettings = {
				ASSETCATALOG_COMPILER_APPICON_NAME = AppIcon;
				DEVELOPMENT_TEAM = L7KVF73XT4;
				INFOPLIST_FILE = "Alive 2020/Info.plist";
				LD_RUNPATH_SEARCH_PATHS = "$(inherited) @executable_path/Frameworks";
				PRODUCT_BUNDLE_IDENTIFIER = "com.summerleague.Alive-2020";
				PRODUCT_NAME = "$(TARGET_NAME)";
				SWIFT_VERSION = 3.0;
				TARGETED_DEVICE_FAMILY = 1;
			};
			name = Debug;
		};
		D814606D1EA9B18E00BA9D6C /* Release */ = {
			isa = XCBuildConfiguration;
			baseConfigurationReference = 80D11F6DC69618066C15056B /* Pods-Alive 2020.release.xcconfig */;
			buildSettings = {
				ASSETCATALOG_COMPILER_APPICON_NAME = AppIcon;
				DEVELOPMENT_TEAM = L7KVF73XT4;
				INFOPLIST_FILE = "Alive 2020/Info.plist";
				LD_RUNPATH_SEARCH_PATHS = "$(inherited) @executable_path/Frameworks";
				PRODUCT_BUNDLE_IDENTIFIER = "com.summerleague.Alive-2020";
				PRODUCT_NAME = "$(TARGET_NAME)";
				SWIFT_VERSION = 3.0;
				TARGETED_DEVICE_FAMILY = 1;
			};
			name = Release;
		};
		D814606F1EA9B18E00BA9D6C /* Debug */ = {
			isa = XCBuildConfiguration;
			buildSettings = {
				ALWAYS_EMBED_SWIFT_STANDARD_LIBRARIES = YES;
				BUNDLE_LOADER = "$(TEST_HOST)";
				DEVELOPMENT_TEAM = L7KVF73XT4;
				INFOPLIST_FILE = "Alive 2020Tests/Info.plist";
				LD_RUNPATH_SEARCH_PATHS = "$(inherited) @executable_path/Frameworks @loader_path/Frameworks";
				PRODUCT_BUNDLE_IDENTIFIER = "com.summerleague.Alive-2020Tests";
				PRODUCT_NAME = "$(TARGET_NAME)";
				SWIFT_VERSION = 3.0;
				TEST_HOST = "$(BUILT_PRODUCTS_DIR)/Alive 2020.app/Alive 2020";
			};
			name = Debug;
		};
		D81460701EA9B18E00BA9D6C /* Release */ = {
			isa = XCBuildConfiguration;
			buildSettings = {
				ALWAYS_EMBED_SWIFT_STANDARD_LIBRARIES = YES;
				BUNDLE_LOADER = "$(TEST_HOST)";
				DEVELOPMENT_TEAM = L7KVF73XT4;
				INFOPLIST_FILE = "Alive 2020Tests/Info.plist";
				LD_RUNPATH_SEARCH_PATHS = "$(inherited) @executable_path/Frameworks @loader_path/Frameworks";
				PRODUCT_BUNDLE_IDENTIFIER = "com.summerleague.Alive-2020Tests";
				PRODUCT_NAME = "$(TARGET_NAME)";
				SWIFT_VERSION = 3.0;
				TEST_HOST = "$(BUILT_PRODUCTS_DIR)/Alive 2020.app/Alive 2020";
			};
			name = Release;
		};
		D81460721EA9B18E00BA9D6C /* Debug */ = {
			isa = XCBuildConfiguration;
			buildSettings = {
				ALWAYS_EMBED_SWIFT_STANDARD_LIBRARIES = YES;
				DEVELOPMENT_TEAM = L7KVF73XT4;
				INFOPLIST_FILE = "Alive 2020UITests/Info.plist";
				LD_RUNPATH_SEARCH_PATHS = "$(inherited) @executable_path/Frameworks @loader_path/Frameworks";
				PRODUCT_BUNDLE_IDENTIFIER = "com.summerleague.Alive-2020UITests";
				PRODUCT_NAME = "$(TARGET_NAME)";
				SWIFT_VERSION = 3.0;
				TEST_TARGET_NAME = "Alive 2020";
			};
			name = Debug;
		};
		D81460731EA9B18E00BA9D6C /* Release */ = {
			isa = XCBuildConfiguration;
			buildSettings = {
				ALWAYS_EMBED_SWIFT_STANDARD_LIBRARIES = YES;
				DEVELOPMENT_TEAM = L7KVF73XT4;
				INFOPLIST_FILE = "Alive 2020UITests/Info.plist";
				LD_RUNPATH_SEARCH_PATHS = "$(inherited) @executable_path/Frameworks @loader_path/Frameworks";
				PRODUCT_BUNDLE_IDENTIFIER = "com.summerleague.Alive-2020UITests";
				PRODUCT_NAME = "$(TARGET_NAME)";
				SWIFT_VERSION = 3.0;
				TEST_TARGET_NAME = "Alive 2020";
			};
			name = Release;
		};
/* End XCBuildConfiguration section */

/* Begin XCConfigurationList section */
		D814603E1EA9B18E00BA9D6C /* Build configuration list for PBXProject "Alive 2020" */ = {
			isa = XCConfigurationList;
			buildConfigurations = (
				D81460691EA9B18E00BA9D6C /* Debug */,
				D814606A1EA9B18E00BA9D6C /* Release */,
			);
			defaultConfigurationIsVisible = 0;
			defaultConfigurationName = Release;
		};
		D814606B1EA9B18E00BA9D6C /* Build configuration list for PBXNativeTarget "Alive 2020" */ = {
			isa = XCConfigurationList;
			buildConfigurations = (
				D814606C1EA9B18E00BA9D6C /* Debug */,
				D814606D1EA9B18E00BA9D6C /* Release */,
			);
			defaultConfigurationIsVisible = 0;
			defaultConfigurationName = Release;
		};
		D814606E1EA9B18E00BA9D6C /* Build configuration list for PBXNativeTarget "Alive 2020Tests" */ = {
			isa = XCConfigurationList;
			buildConfigurations = (
				D814606F1EA9B18E00BA9D6C /* Debug */,
				D81460701EA9B18E00BA9D6C /* Release */,
			);
			defaultConfigurationIsVisible = 0;
			defaultConfigurationName = Release;
		};
		D81460711EA9B18E00BA9D6C /* Build configuration list for PBXNativeTarget "Alive 2020UITests" */ = {
			isa = XCConfigurationList;
			buildConfigurations = (
				D81460721EA9B18E00BA9D6C /* Debug */,
				D81460731EA9B18E00BA9D6C /* Release */,
			);
			defaultConfigurationIsVisible = 0;
			defaultConfigurationName = Release;
		};
/* End XCConfigurationList section */
	};
	rootObject = D814603B1EA9B18E00BA9D6C /* Project object */;
}
